
Microsoft Visual Studio Solution File, Format Version 12.00
# Visual Studio Version 16
VisualStudioVersion = 16.0.31729.503
MinimumVisualStudioVersion = 10.0.40219.1
Project("{FAE04EC0-301F-11D3-BF4B-00C04F79EFBC}") = "HelloApp1.Android", "HelloApp1\HelloApp1.Android\HelloApp1.Android.csproj", "{D3CF8753-A63F-42BE-B03F-02027F436A93}"
EndProject
Project("{FAE04EC0-301F-11D3-BF4B-00C04F79EFBC}") = "HelloApp1.iOS", "HelloApp1\HelloApp1.iOS\HelloApp1.iOS.csproj", "{04B066D7-8F10-4CAF-9564-82B237CC79AB}"
EndProject
Project("{FAE04EC0-301F-11D3-BF4B-00C04F79EFBC}") = "HelloApp1", "HelloApp1\HelloApp1\HelloApp1.csproj", "{250E9852-E968-4457-B582-6B5A9BE7BD2A}"
EndProject
Global
	GlobalSection(SolutionConfigurationPlatforms) = preSolution
		Debug|Any CPU = Debug|Any CPU
		Debug|iPhone = Debug|iPhone
		Debug|iPhoneSimulator = Debug|iPhoneSimulator
		Release|Any CPU = Release|Any CPU
		Release|iPhone = Release|iPhone
		Release|iPhoneSimulator = Release|iPhoneSimulator
	EndGlobalSection
	GlobalSection(ProjectConfigurationPlatforms) = postSolution
		{D3CF8753-A63F-42BE-B03F-02027F436A93}.Debug|Any CPU.ActiveCfg = Debug|Any CPU
		{D3CF8753-A63F-42BE-B03F-02027F436A93}.Debug|Any CPU.Build.0 = Debug|Any CPU
		{D3CF8753-A63F-42BE-B03F-02027F436A93}.Debug|Any CPU.Deploy.0 = Debug|Any CPU
		{D3CF8753-A63F-42BE-B03F-02027F436A93}.Debug|iPhone.ActiveCfg = Debug|Any CPU
		{D3CF8753-A63F-42BE-B03F-02027F436A93}.Debug|iPhone.Build.0 = Debug|Any CPU
		{D3CF8753-A63F-42BE-B03F-02027F436A93}.Debug|iPhone.Deploy.0 = Debug|Any CPU
		{D3CF8753-A63F-42BE-B03F-02027F436A93}.Debug|iPhoneSimulator.ActiveCfg = Debug|Any CPU
		{D3CF8753-A63F-42BE-B03F-02027F436A93}.Debug|iPhoneSimulator.Build.0 = Debug|Any CPU
		{D3CF8753-A63F-42BE-B03F-02027F436A93}.Debug|iPhoneSimulator.Deploy.0 = Debug|Any CPU
		{D3CF8753-A63F-42BE-B03F-02027F436A93}.Release|Any CPU.ActiveCfg = Release|Any CPU
		{D3CF8753-A63F-42BE-B03F-02027F436A93}.Release|Any CPU.Build.0 = Release|Any CPU
		{D3CF8753-A63F-42BE-B03F-02027F436A93}.Release|Any CPU.Deploy.0 = Release|Any CPU
		{D3CF8753-A63F-42BE-B03F-02027F436A93}.Release|iPhone.ActiveCfg = Release|Any CPU
		{D3CF8753-A63F-42BE-B03F-02027F436A93}.Release|iPhone.Build.0 = Release|Any CPU
		{D3CF8753-A63F-42BE-B03F-02027F436A93}.Release|iPhone.Deploy.0 = Release|Any CPU
		{D3CF8753-A63F-42BE-B03F-02027F436A93}.Release|iPhoneSimulator.ActiveCfg = Release|Any CPU
		{D3CF8753-A63F-42BE-B03F-02027F436A93}.Release|iPhoneSimulator.Build.0 = Release|Any CPU
		{D3CF8753-A63F-42BE-B03F-02027F436A93}.Release|iPhoneSimulator.Deploy.0 = Release|Any CPU
		{04B066D7-8F10-4CAF-9564-82B237CC79AB}.Debug|Any CPU.ActiveCfg = Debug|iPhone
		{04B066D7-8F10-4CAF-9564-82B237CC79AB}.Debug|Any CPU.Build.0 = Debug|iPhone
		{04B066D7-8F10-4CAF-9564-82B237CC79AB}.Debug|Any CPU.Deploy.0 = Debug|iPhone
		{04B066D7-8F10-4CAF-9564-82B237CC79AB}.Debug|iPhone.ActiveCfg = Debug|iPhone
		{04B066D7-8F10-4CAF-9564-82B237CC79AB}.Debug|iPhone.Build.0 = Debug|iPhone
		{04B066D7-8F10-4CAF-9564-82B237CC79AB}.Debug|iPhone.Deploy.0 = Debug|iPhone
		{04B066D7-8F10-4CAF-9564-82B237CC79AB}.Debug|iPhoneSimulator.ActiveCfg = Debug|iPhoneSimulator
		{04B066D7-8F10-4CAF-9564-82B237CC79AB}.Debug|iPhoneSimulator.Build.0 = Debug|iPhoneSimulator
		{04B066D7-8F10-4CAF-9564-82B237CC79AB}.Debug|iPhoneSimulator.Deploy.0 = Debug|iPhoneSimulator
		{04B066D7-8F10-4CAF-9564-82B237CC79AB}.Release|Any CPU.ActiveCfg = Release|iPhoneSimulator
		{04B066D7-8F10-4CAF-9564-82B237CC79AB}.Release|Any CPU.Build.0 = Release|iPhoneSimulator
		{04B066D7-8F10-4CAF-9564-82B237CC79AB}.Release|Any CPU.Deploy.0 = Release|iPhoneSimulator
		{04B066D7-8F10-4CAF-9564-82B237CC79AB}.Release|iPhone.ActiveCfg = Release|iPhone
		{04B066D7-8F10-4CAF-9564-82B237CC79AB}.Release|iPhone.Build.0 = Release|iPhone
		{04B066D7-8F10-4CAF-9564-82B237CC79AB}.Release|iPhone.Deploy.0 = Release|iPhone
		{04B066D7-8F10-4CAF-9564-82B237CC79AB}.Release|iPhoneSimulator.ActiveCfg = Release|iPhoneSimulator
		{04B066D7-8F10-4CAF-9564-82B237CC79AB}.Release|iPhoneSimulator.Build.0 = Release|iPhoneSimulator
		{04B066D7-8F10-4CAF-9564-82B237CC79AB}.Release|iPhoneSimulator.Deploy.0 = Release|iPhoneSimulator
		{250E9852-E968-4457-B582-6B5A9BE7BD2A}.Debug|Any CPU.ActiveCfg = Debug|Any CPU
		{250E9852-E968-4457-B582-6B5A9BE7BD2A}.Debug|Any CPU.Build.0 = Debug|Any CPU
		{250E9852-E968-4457-B582-6B5A9BE7BD2A}.Debug|Any CPU.Deploy.0 = Debug|Any CPU
		{250E9852-E968-4457-B582-6B5A9BE7BD2A}.Debug|iPhone.ActiveCfg = Debug|Any CPU
		{250E9852-E968-4457-B582-6B5A9BE7BD2A}.Debug|iPhone.Build.0 = Debug|Any CPU
		{250E9852-E968-4457-B582-6B5A9BE7BD2A}.Debug|iPhone.Deploy.0 = Debug|Any CPU
		{250E9852-E968-4457-B582-6B5A9BE7BD2A}.Debug|iPhoneSimulator.ActiveCfg = Debug|Any CPU
		{250E9852-E968-4457-B582-6B5A9BE7BD2A}.Debug|iPhoneSimulator.Build.0 = Debug|Any CPU
		{250E9852-E968-4457-B582-6B5A9BE7BD2A}.Debug|iPhoneSimulator.Deploy.0 = Debug|Any CPU
		{250E9852-E968-4457-B582-6B5A9BE7BD2A}.Release|Any CPU.ActiveCfg = Release|Any CPU
		{250E9852-E968-4457-B582-6B5A9BE7BD2A}.Release|Any CPU.Build.0 = Release|Any CPU
		{250E9852-E968-4457-B582-6B5A9BE7BD2A}.Release|Any CPU.Deploy.0 = Release|Any CPU
		{250E9852-E968-4457-B582-6B5A9BE7BD2A}.Release|iPhone.ActiveCfg = Release|Any CPU
		{250E9852-E968-4457-B582-6B5A9BE7BD2A}.Release|iPhone.Build.0 = Release|Any CPU
		{250E9852-E968-4457-B582-6B5A9BE7BD2A}.Release|iPhone.Deploy.0 = Release|Any CPU
		{250E9852-E968-4457-B582-6B5A9BE7BD2A}.Release|iPhoneSimulator.ActiveCfg = Release|Any CPU
		{250E9852-E968-4457-B582-6B5A9BE7BD2A}.Release|iPhoneSimulator.Build.0 = Release|Any CPU
		{250E9852-E968-4457-B582-6B5A9BE7BD2A}.Release|iPhoneSimulator.Deploy.0 = Release|Any CPU
	EndGlobalSection
	GlobalSection(SolutionProperties) = preSolution
		HideSolutionNode = FALSE
	EndGlobalSection
	GlobalSection(ExtensibilityGlobals) = postSolution
		SolutionGuid = {90119074-C74F-4FF5-A39B-76B3457F21D2}
	EndGlobalSection
EndGlobal
